{
  "name": "langstudio-client-react-ts",
  "version": "0.1.0",
  "lockfileVersion": 1,
  "requires": true,
  "dependencies": {
    "@types/lru-cache": {
      "version": "4.0.0",
      "resolved": "https://registry.npmjs.org/@types/lru-cache/-/lru-cache-4.0.0.tgz",
      "integrity": "sha1-5PMyRNYq0B8G2MUz9rIW7EIBIXU="
    }
  }
}
